
Microsoft Visual Studio Solution File, Format Version 12.00
# Visual Studio Version 17
VisualStudioVersion = 17.3.32825.248
MinimumVisualStudioVersion = 10.0.40219.1
Project("{9A19103F-16F7-4668-BE54-9A1E7A4F7556}") = "Discord active game generator", "Discord active game generator.csproj", "{52A06D12-A650-42A6-B721-49DB45CCCDDC}"
EndProject
Global
	GlobalSection(SolutionConfigurationPlatforms) = preSolution
		Debug|Any CPU = Debug|Any CPU
		Release|Any CPU = Release|Any CPU
	EndGlobalSection
	GlobalSection(ProjectConfigurationPlatforms) = postSolution
		{52A06D12-A650-42A6-B721-49DB45CCCDDC}.Debug|Any CPU.ActiveCfg = Debug|Any CPU
		{52A06D12-A650-42A6-B721-49DB45CCCDDC}.Debug|Any CPU.Build.0 = Debug|Any CPU
		{52A06D12-A650-42A6-B721-49DB45CCCDDC}.Release|Any CPU.ActiveCfg = Release|Any CPU
		{52A06D12-A650-42A6-B721-49DB45CCCDDC}.Release|Any CPU.Build.0 = Release|Any CPU
	EndGlobalSection
	GlobalSection(SolutionProperties) = preSolution
		HideSolutionNode = FALSE
	EndGlobalSection
	GlobalSection(ExtensibilityGlobals) = postSolution
		SolutionGuid = {2EB1F284-8503-4512-8A82-A7D32B7AD944}
	EndGlobalSection
EndGlobal
